
Microsoft Visual Studio Solution File, Format Version 12.00
# Visual Studio 15
VisualStudioVersion = 15.0.27004.2002
MinimumVisualStudioVersion = 10.0.40219.1
Project("{9A19103F-16F7-4668-BE54-9A1E7A4F7556}") = "Saturn72.Core", "Saturn72.Core\Saturn72.Core.csproj", "{5E9DD267-1E3E-4860-9140-05584218838F}"
EndProject
Project("{9A19103F-16F7-4668-BE54-9A1E7A4F7556}") = "Saturn72.Core.Services", "Saturn72.Core.Services\Saturn72.Core.Services.csproj", "{37F21530-2157-400B-A385-C7F296570CD1}"
EndProject
Project("{9A19103F-16F7-4668-BE54-9A1E7A4F7556}") = "Saturn72.Core.Services.Tests", "Saturn72.Core.Services.Tests\Saturn72.Core.Services.Tests.csproj", "{B17362D7-C890-403F-812D-9D7B2C400960}"
EndProject
Project("{9A19103F-16F7-4668-BE54-9A1E7A4F7556}") = "Saturn72.Core.Tests", "Saturn72.Core.Tests\Saturn72.Core.Tests.csproj", "{C5250DAB-F402-41D1-A6C1-042948F2AF5B}"
EndProject
Project("{2150E333-8FDC-42A3-9474-1A3956D46DE8}") = "Submodules", "Submodules", "{EE79FA95-01EE-4666-949C-B1AAB57D68EA}"
EndProject
Project("{9A19103F-16F7-4668-BE54-9A1E7A4F7556}") = "Saturn72.Extensions", "..\submodules\saturn72.Extensions\src\Saturn72.Extensions\Saturn72.Extensions.csproj", "{EC10E14F-41E5-4EA7-84A1-D6841271C9F3}"
EndProject
Project("{9A19103F-16F7-4668-BE54-9A1E7A4F7556}") = "Saturn72.Extensions.Tests", "..\submodules\saturn72.Extensions\src\Saturn72.Extensions.Tests\Saturn72.Extensions.Tests.csproj", "{C9F27DE0-6061-4AB9-ABF9-7B1249D93DD5}"
EndProject
Project("{9A19103F-16F7-4668-BE54-9A1E7A4F7556}") = "Saturn72.FileConverters.Tests", "..\submodules\Saturn72.FileConverters\src\Saturn72.FileConverters.Tests\Saturn72.FileConverters.Tests.csproj", "{F703789D-099B-45D4-85A4-088BB947C4CC}"
EndProject
Project("{9A19103F-16F7-4668-BE54-9A1E7A4F7556}") = "Saturn72.FileConverters", "..\submodules\Saturn72.FileConverters\src\Saturn72.FileConverters\Saturn72.FileConverters.csproj", "{4D0D76E2-1C20-494F-9911-26B094E616DB}"
EndProject
Global
	GlobalSection(SolutionConfigurationPlatforms) = preSolution
		Debug|Any CPU = Debug|Any CPU
		Release|Any CPU = Release|Any CPU
	EndGlobalSection
	GlobalSection(ProjectConfigurationPlatforms) = postSolution
		{5E9DD267-1E3E-4860-9140-05584218838F}.Debug|Any CPU.ActiveCfg = Debug|Any CPU
		{5E9DD267-1E3E-4860-9140-05584218838F}.Debug|Any CPU.Build.0 = Debug|Any CPU
		{5E9DD267-1E3E-4860-9140-05584218838F}.Release|Any CPU.ActiveCfg = Release|Any CPU
		{5E9DD267-1E3E-4860-9140-05584218838F}.Release|Any CPU.Build.0 = Release|Any CPU
		{37F21530-2157-400B-A385-C7F296570CD1}.Debug|Any CPU.ActiveCfg = Debug|Any CPU
		{37F21530-2157-400B-A385-C7F296570CD1}.Debug|Any CPU.Build.0 = Debug|Any CPU
		{37F21530-2157-400B-A385-C7F296570CD1}.Release|Any CPU.ActiveCfg = Release|Any CPU
		{37F21530-2157-400B-A385-C7F296570CD1}.Release|Any CPU.Build.0 = Release|Any CPU
		{B17362D7-C890-403F-812D-9D7B2C400960}.Debug|Any CPU.ActiveCfg = Debug|Any CPU
		{B17362D7-C890-403F-812D-9D7B2C400960}.Debug|Any CPU.Build.0 = Debug|Any CPU
		{B17362D7-C890-403F-812D-9D7B2C400960}.Release|Any CPU.ActiveCfg = Release|Any CPU
		{B17362D7-C890-403F-812D-9D7B2C400960}.Release|Any CPU.Build.0 = Release|Any CPU
		{C5250DAB-F402-41D1-A6C1-042948F2AF5B}.Debug|Any CPU.ActiveCfg = Debug|Any CPU
		{C5250DAB-F402-41D1-A6C1-042948F2AF5B}.Debug|Any CPU.Build.0 = Debug|Any CPU
		{C5250DAB-F402-41D1-A6C1-042948F2AF5B}.Release|Any CPU.ActiveCfg = Release|Any CPU
		{C5250DAB-F402-41D1-A6C1-042948F2AF5B}.Release|Any CPU.Build.0 = Release|Any CPU
		{EC10E14F-41E5-4EA7-84A1-D6841271C9F3}.Debug|Any CPU.ActiveCfg = Debug|Any CPU
		{EC10E14F-41E5-4EA7-84A1-D6841271C9F3}.Debug|Any CPU.Build.0 = Debug|Any CPU
		{EC10E14F-41E5-4EA7-84A1-D6841271C9F3}.Release|Any CPU.ActiveCfg = Release|Any CPU
		{EC10E14F-41E5-4EA7-84A1-D6841271C9F3}.Release|Any CPU.Build.0 = Release|Any CPU
		{C9F27DE0-6061-4AB9-ABF9-7B1249D93DD5}.Debug|Any CPU.ActiveCfg = Debug|Any CPU
		{C9F27DE0-6061-4AB9-ABF9-7B1249D93DD5}.Debug|Any CPU.Build.0 = Debug|Any CPU
		{C9F27DE0-6061-4AB9-ABF9-7B1249D93DD5}.Release|Any CPU.ActiveCfg = Release|Any CPU
		{C9F27DE0-6061-4AB9-ABF9-7B1249D93DD5}.Release|Any CPU.Build.0 = Release|Any CPU
		{F703789D-099B-45D4-85A4-088BB947C4CC}.Debug|Any CPU.ActiveCfg = Debug|Any CPU
		{F703789D-099B-45D4-85A4-088BB947C4CC}.Debug|Any CPU.Build.0 = Debug|Any CPU
		{F703789D-099B-45D4-85A4-088BB947C4CC}.Release|Any CPU.ActiveCfg = Release|Any CPU
		{F703789D-099B-45D4-85A4-088BB947C4CC}.Release|Any CPU.Build.0 = Release|Any CPU
		{4D0D76E2-1C20-494F-9911-26B094E616DB}.Debug|Any CPU.ActiveCfg = Debug|Any CPU
		{4D0D76E2-1C20-494F-9911-26B094E616DB}.Debug|Any CPU.Build.0 = Debug|Any CPU
		{4D0D76E2-1C20-494F-9911-26B094E616DB}.Release|Any CPU.ActiveCfg = Release|Any CPU
		{4D0D76E2-1C20-494F-9911-26B094E616DB}.Release|Any CPU.Build.0 = Release|Any CPU
	EndGlobalSection
	GlobalSection(SolutionProperties) = preSolution
		HideSolutionNode = FALSE
	EndGlobalSection
	GlobalSection(NestedProjects) = preSolution
		{EC10E14F-41E5-4EA7-84A1-D6841271C9F3} = {EE79FA95-01EE-4666-949C-B1AAB57D68EA}
		{C9F27DE0-6061-4AB9-ABF9-7B1249D93DD5} = {EE79FA95-01EE-4666-949C-B1AAB57D68EA}
		{F703789D-099B-45D4-85A4-088BB947C4CC} = {EE79FA95-01EE-4666-949C-B1AAB57D68EA}
		{4D0D76E2-1C20-494F-9911-26B094E616DB} = {EE79FA95-01EE-4666-949C-B1AAB57D68EA}
	EndGlobalSection
	GlobalSection(ExtensibilityGlobals) = postSolution
		SolutionGuid = {6C1F5DBC-1C92-4DD0-9BC1-74395E1D9022}
	EndGlobalSection
EndGlobal
