
Microsoft Visual Studio Solution File, Format Version 12.00
# Visual Studio Version 17
VisualStudioVersion = 17.0.31903.59
MinimumVisualStudioVersion = 10.0.40219.1
Project("{9A19103F-16F7-4668-BE54-9A1E7A4F7556}") = "Saturn72.Core", "Saturn72.Core\Saturn72.Core.csproj", "{D4D6B5DE-2113-430A-8FB7-32333387D049}"
EndProject
Project("{9A19103F-16F7-4668-BE54-9A1E7A4F7556}") = "Saturn72.Extensions", "Saturn72.Extensions\Saturn72.Extensions.csproj", "{3F9F065E-1A35-4B09-B75B-7213A7EDCA5C}"
EndProject
Project("{9A19103F-16F7-4668-BE54-9A1E7A4F7556}") = "Saturn72.Core.Tests", "Saturn72.Core.Tests\Saturn72.Core.Tests.csproj", "{30EAF00E-16A1-481F-A109-97B3D8EA52AF}"
EndProject
Global
	GlobalSection(SolutionConfigurationPlatforms) = preSolution
		Debug|Any CPU = Debug|Any CPU
		Release|Any CPU = Release|Any CPU
	EndGlobalSection
	GlobalSection(ProjectConfigurationPlatforms) = postSolution
		{D4D6B5DE-2113-430A-8FB7-32333387D049}.Debug|Any CPU.ActiveCfg = Debug|Any CPU
		{D4D6B5DE-2113-430A-8FB7-32333387D049}.Debug|Any CPU.Build.0 = Debug|Any CPU
		{D4D6B5DE-2113-430A-8FB7-32333387D049}.Release|Any CPU.ActiveCfg = Release|Any CPU
		{D4D6B5DE-2113-430A-8FB7-32333387D049}.Release|Any CPU.Build.0 = Release|Any CPU
		{3F9F065E-1A35-4B09-B75B-7213A7EDCA5C}.Debug|Any CPU.ActiveCfg = Debug|Any CPU
		{3F9F065E-1A35-4B09-B75B-7213A7EDCA5C}.Debug|Any CPU.Build.0 = Debug|Any CPU
		{3F9F065E-1A35-4B09-B75B-7213A7EDCA5C}.Release|Any CPU.ActiveCfg = Release|Any CPU
		{3F9F065E-1A35-4B09-B75B-7213A7EDCA5C}.Release|Any CPU.Build.0 = Release|Any CPU
		{30EAF00E-16A1-481F-A109-97B3D8EA52AF}.Debug|Any CPU.ActiveCfg = Debug|Any CPU
		{30EAF00E-16A1-481F-A109-97B3D8EA52AF}.Debug|Any CPU.Build.0 = Debug|Any CPU
		{30EAF00E-16A1-481F-A109-97B3D8EA52AF}.Release|Any CPU.ActiveCfg = Release|Any CPU
		{30EAF00E-16A1-481F-A109-97B3D8EA52AF}.Release|Any CPU.Build.0 = Release|Any CPU
	EndGlobalSection
	GlobalSection(SolutionProperties) = preSolution
		HideSolutionNode = FALSE
	EndGlobalSection
	GlobalSection(ExtensibilityGlobals) = postSolution
		SolutionGuid = {6D8018E2-71D5-46D6-97FD-60F8080148BC}
	EndGlobalSection
EndGlobal
