
Microsoft Visual Studio Solution File, Format Version 12.00
# Visual Studio 14
VisualStudioVersion = 14.0.25420.1
MinimumVisualStudioVersion = 10.0.40219.1
Project("{2150E333-8FDC-42A3-9474-1A3956D46DE8}") = "Common", "Common", "{8D4E8F9C-D9A7-4B9E-B2F7-FE70F1D23F83}"
EndProject
Project("{2150E333-8FDC-42A3-9474-1A3956D46DE8}") = ".nuget", ".nuget", "{FA701FF3-CE41-447C-9703-F2AFA43A2DC5}"
	ProjectSection(SolutionItems) = preProject
		.nuget\nuget.config = .nuget\nuget.config
		.nuget\packages.config = .nuget\packages.config
	EndProjectSection
EndProject
Project("{2150E333-8FDC-42A3-9474-1A3956D46DE8}") = "libs", "libs", "{4F874EF3-BC87-4FDA-B038-0E27A2BBF699}"
EndProject
Project("{2150E333-8FDC-42A3-9474-1A3956D46DE8}") = "NUnit", "NUnit", "{315598AF-EBD5-4B56-AF00-196C57D4EC66}"
	ProjectSection(SolutionItems) = preProject
		libs\NUnit\nunit.core.dll = libs\NUnit\nunit.core.dll
		libs\NUnit\nunit.core.interfaces.dll = libs\NUnit\nunit.core.interfaces.dll
	EndProjectSection
EndProject
Project("{2150E333-8FDC-42A3-9474-1A3956D46DE8}") = "Modules", "Modules", "{AB0201BC-9C43-4B4E-AE62-85D25708F51D}"
EndProject
Project("{2150E333-8FDC-42A3-9474-1A3956D46DE8}") = "Core", "Core", "{EFCD99E7-1F91-47A1-89A2-FCD68E8A82A4}"
EndProject
Project("{2150E333-8FDC-42A3-9474-1A3956D46DE8}") = "Apps", "Apps", "{74844B90-72B0-493A-9A2A-0CE4B08EE1CF}"
EndProject
Project("{2150E333-8FDC-42A3-9474-1A3956D46DE8}") = "Owin", "Owin", "{38F23520-AEA2-4B37-8B5E-0CAFF2139BB8}"
EndProject
Project("{2150E333-8FDC-42A3-9474-1A3956D46DE8}") = "TaskManager", "TaskManager", "{FAE9CBBF-F439-4269-9108-A2192E9B78BD}"
EndProject
Project("{2150E333-8FDC-42A3-9474-1A3956D46DE8}") = "HangFire", "HangFire", "{E92E49B4-E748-4D9E-B1BE-B66B24083C50}"
EndProject
Project("{2150E333-8FDC-42A3-9474-1A3956D46DE8}") = "Notification", "Notification", "{7D7BA99F-A64C-4EFF-91C5-1E7C5D0D048D}"
EndProject
Project("{2150E333-8FDC-42A3-9474-1A3956D46DE8}") = "Notifiers", "Notifiers", "{974A9F56-93A6-462D-B58E-706EA36DABC4}"
EndProject
Project("{FAE04EC0-301F-11D3-BF4B-00C04F79EFBC}") = "Saturn72.Common", "Common\Saturn72.Common\Saturn72.Common.csproj", "{6DE3E33E-0B13-4C57-8871-C83E1EEB8470}"
EndProject
Project("{FAE04EC0-301F-11D3-BF4B-00C04F79EFBC}") = "Saturn72.Core.Services.Impl", "Core\Saturn72.Core.Impl\Saturn72.Core.Services.Impl.csproj", "{BA702041-080D-459A-BCD1-37875D92C626}"
EndProject
Project("{FAE04EC0-301F-11D3-BF4B-00C04F79EFBC}") = "Saturn72.Core.Services", "Core\Saturn72.Core.Services\Saturn72.Core.Services.csproj", "{D92341E7-6B28-4CDC-A024-A204D0ED670E}"
EndProject
Project("{FAE04EC0-301F-11D3-BF4B-00C04F79EFBC}") = "Saturn72.Module.Owin", "Modules\Owin\Saturn72.Module.Owin\Saturn72.Module.Owin.csproj", "{23AF9C5A-A707-44A5-9D2F-83705BA2B570}"
EndProject
Project("{FAE04EC0-301F-11D3-BF4B-00C04F79EFBC}") = "Saturn72.Common.Data", "Common\Saturn72.Common.Data\Saturn72.Common.Data.csproj", "{D839AC0D-B328-4D7B-B94C-B50C0E960428}"
EndProject
Project("{2150E333-8FDC-42A3-9474-1A3956D46DE8}") = "EntityFramework", "EntityFramework", "{0EA96BDE-6C1B-4148-AB43-C1A183FF4EE9}"
EndProject
Project("{FAE04EC0-301F-11D3-BF4B-00C04F79EFBC}") = "Saturn72.Module.EntityFramework", "Modules\EntityFramework\Saturn72.Module.EntityFramework\Saturn72.Module.EntityFramework.csproj", "{1B65300E-AE20-4CEB-AC57-0A0AE7ECBC87}"
EndProject
Project("{FAE04EC0-301F-11D3-BF4B-00C04F79EFBC}") = "Saturn72.Module.HangFire", "Modules\TaskManager\HangFire\Saturn72.Module.HangFire\Saturn72.Module.HangFire.csproj", "{DB140F85-8B5B-41DB-9965-FFE98BBD81C1}"
EndProject
Project("{FAE04EC0-301F-11D3-BF4B-00C04F79EFBC}") = "Saturn72.Module.HangFire.OwinAdapter", "Modules\TaskManager\HangFire\Saturn72.Module.HangFire.OwinAdapter\Saturn72.Module.HangFire.OwinAdapter.csproj", "{901D7969-58F0-4C06-A7AF-15A6F41CFA1B}"
EndProject
Project("{FAE04EC0-301F-11D3-BF4B-00C04F79EFBC}") = "Saturn72.Module.TaskManager", "Modules\TaskManager\Saturn72.Module.TaskManager\Saturn72.Module.TaskManager.csproj", "{FA1388F1-10C7-45AC-818E-D839D9E18698}"
EndProject
Project("{2150E333-8FDC-42A3-9474-1A3956D46DE8}") = "Ioc", "Ioc", "{CE01AC3C-8BFA-4892-851E-F9D327A7E3BB}"
EndProject
Project("{2150E333-8FDC-42A3-9474-1A3956D46DE8}") = "Autofac", "Autofac", "{B8E253D8-2879-4FDB-A78D-313C62274A63}"
EndProject
Project("{FAE04EC0-301F-11D3-BF4B-00C04F79EFBC}") = "Saturn72.Module.Ioc.Autofac", "Modules\Ioc\Autofac\Saturn72.Module.Ioc.Autofac\Saturn72.Module.Ioc.Autofac.csproj", "{E78561F2-234A-43BA-86B8-4F715C47BCD6}"
EndProject
Project("{FAE04EC0-301F-11D3-BF4B-00C04F79EFBC}") = "Saturn72.Module.Ioc.Autofac.Owin", "Modules\Ioc\Autofac\Saturn72.Module.Ioc.Autofac.Owin\Saturn72.Module.Ioc.Autofac.Owin.csproj", "{458D4A40-F0F8-409E-A9B0-6C6A5F5394B4}"
EndProject
Project("{FAE04EC0-301F-11D3-BF4B-00C04F79EFBC}") = "Saturn72.Module.Ioc.Autofac.Tests", "Modules\Ioc\Autofac\Saturn72.Module.Autofact.Tests\Saturn72.Module.Ioc.Autofac.Tests.csproj", "{E3E17CF0-2AB6-44C3-8F7D-9EDB5FD9F05E}"
EndProject
Project("{FAE04EC0-301F-11D3-BF4B-00C04F79EFBC}") = "Saturn72.Common.WebApi", "Common\Saturn72.Common.WebApi\Saturn72.Common.WebApi.csproj", "{71B3565D-1351-4978-9877-724E05103A08}"
EndProject
Project("{FAE04EC0-301F-11D3-BF4B-00C04F79EFBC}") = "Saturn72.Module.Tasks.NCrontabAdvanced", "Modules\TaskManager\Cron\Saturn72.Module.Tasks.NCrontabAdvanced\Saturn72.Module.Tasks.NCrontabAdvanced.csproj", "{D020D341-2EDB-4596-90F2-D392467DC436}"
EndProject
Project("{2150E333-8FDC-42A3-9474-1A3956D46DE8}") = "Cron", "Cron", "{5259C86B-6B20-4DC1-9FC7-3C4D755FE64E}"
EndProject
Project("{2150E333-8FDC-42A3-9474-1A3956D46DE8}") = "Tests", "Tests", "{4E26C893-5690-4CF0-81FF-2BA994FE43E9}"
EndProject
Project("{2150E333-8FDC-42A3-9474-1A3956D46DE8}") = "Common", "Common", "{57864055-6257-4B27-B198-090EB49E6BC6}"
EndProject
Project("{FAE04EC0-301F-11D3-BF4B-00C04F79EFBC}") = "Saturn72.Common.WebApi.Tests", "Tests\Common\Saturn72.Common.WebApi.Tests\Saturn72.Common.WebApi.Tests.csproj", "{CC574C46-499F-4EE4-9721-0BDC6DF8278A}"
EndProject
Project("{2150E333-8FDC-42A3-9474-1A3956D46DE8}") = "Core", "Core", "{DE7DCB83-A6C3-4707-AEE7-B436FBB7149E}"
EndProject
Project("{FAE04EC0-301F-11D3-BF4B-00C04F79EFBC}") = "Saturn72.Core.Tests", "Tests\Core\Saturn72.Core.Tests\Saturn72.Core.Tests.csproj", "{7BAB262A-0F0A-4CFD-A642-4E643E619CB3}"
EndProject
Project("{FAE04EC0-301F-11D3-BF4B-00C04F79EFBC}") = "Saturn72.Core.Services.Impl.Tests", "Tests\Core\Saturn72.Core.Services.Impl.Tests\Saturn72.Core.Services.Impl.Tests.csproj", "{AC816B2D-3B7D-49CC-8D71-2A19938087AF}"
EndProject
Project("{FAE04EC0-301F-11D3-BF4B-00C04F79EFBC}") = "Saturn72.Testing.Framework", "Tests\Saturn72.Testing.Framework\Saturn72.Testing.Framework.csproj", "{35969F7A-C0D0-486D-94CB-97A1F1C6B175}"
EndProject
Project("{FAE04EC0-301F-11D3-BF4B-00C04F79EFBC}") = "ThrowsException", "Tests\ThrowsException\ThrowsException.csproj", "{4985A29B-7495-470D-B66A-052A5CDC230D}"
EndProject
Project("{FAE04EC0-301F-11D3-BF4B-00C04F79EFBC}") = "Saturn72.Core", "Core\Saturn72.Core\Saturn72.Core.csproj", "{5B21A78B-9BAA-4AC2-929D-3563B9D3C9FC}"
EndProject
Project("{2150E333-8FDC-42A3-9474-1A3956D46DE8}") = "Tests", "Tests", "{68619837-3DB9-4D0D-A6B6-1661500037BB}"
EndProject
Project("{FAE04EC0-301F-11D3-BF4B-00C04F79EFBC}") = "Saturn72.Core.Services.Tests", "Tests\Core\Saturn72.Core.Services.Tests\Saturn72.Core.Services.Tests.csproj", "{ACC0224C-2469-451B-AA44-41530E9FF36F}"
EndProject
Project("{2150E333-8FDC-42A3-9474-1A3956D46DE8}") = "Security", "Security", "{4AE1B697-6B11-4102-9935-6AA295A4649A}"
EndProject
Project("{FAE04EC0-301F-11D3-BF4B-00C04F79EFBC}") = "Saturn72.Module.Secutiry.FileValidation", "Modules\Security\Saturn72.Module.Secutiry.FileValidation\Saturn72.Module.Secutiry.FileValidation.csproj", "{DE9AEC7C-9EE3-4DF0-8615-F2523B65911E}"
EndProject
Project("{2150E333-8FDC-42A3-9474-1A3956D46DE8}") = "HelloWorld", "HelloWorld", "{065C5081-AB35-48B4-812D-63E23D87C5DD}"
EndProject
Project("{FAE04EC0-301F-11D3-BF4B-00C04F79EFBC}") = "HelloWorld", "Apps\HelloWorld\HelloWorld\HelloWorld.csproj", "{884F1617-E75C-400B-8D49-DE9AA19369C5}"
EndProject
Project("{FAE04EC0-301F-11D3-BF4B-00C04F79EFBC}") = "Saturn72.Module.Notification.EmailNotifier", "Modules\Notifications\Notifiers\Saturn72.Module.Notification.EmailNotifier\Saturn72.Module.Notification.EmailNotifier.csproj", "{977E107D-3F01-47CC-B2A1-A11F93AD0578}"
EndProject
Project("{FAE04EC0-301F-11D3-BF4B-00C04F79EFBC}") = "Saturn72.Module.Notification.EmailNotifier.Tests", "Modules\Notifications\Notifiers\Saturn72.Module.Notification.EmailNotifier.Tests\Saturn72.Module.Notification.EmailNotifier.Tests.csproj", "{4146E2DA-347E-4D6A-AB21-7BF1F544AEAE}"
EndProject
Project("{FAE04EC0-301F-11D3-BF4B-00C04F79EFBC}") = "Saturn72.Modules.NotificationManager", "Modules\Notifications\Saturn72.Modules.NotificationManager\Saturn72.Modules.NotificationManager.csproj", "{28F83079-F50A-403E-BDBC-642E649B9313}"
EndProject
Project("{FAE04EC0-301F-11D3-BF4B-00C04F79EFBC}") = "Saturn72.Module.Notification", "Modules\Notifications\Saturn72.Module.Notification\Saturn72.Module.Notification.csproj", "{655D430D-38BA-48AA-A40F-F417AA66E5DA}"
EndProject
Project("{2150E333-8FDC-42A3-9474-1A3956D46DE8}") = "Calculator", "Calculator", "{60A5D4A1-021E-4235-A8BF-F31F0F013A23}"
EndProject
Project("{2150E333-8FDC-42A3-9474-1A3956D46DE8}") = "Server", "Server", "{CE839F0B-CC12-4CA2-92CD-EEBC44A99D7A}"
EndProject
Project("{FAE04EC0-301F-11D3-BF4B-00C04F79EFBC}") = "Calculator.Server.App", "Apps\Server\Calculator.Server.App\Calculator.Server.App.csproj", "{5F68CD47-2B4A-45E1-AD92-6C548FAD84C5}"
EndProject
Project("{FAE04EC0-301F-11D3-BF4B-00C04F79EFBC}") = "Calculator.Framework", "Apps\Calculator\Server\Calculator.Framework\Calculator.Framework.csproj", "{D8803E7D-BB0C-4BED-9127-1DB4FCA217AF}"
EndProject
Project("{FAE04EC0-301F-11D3-BF4B-00C04F79EFBC}") = "Calculator.WebApi", "Apps\Calculator\Server\Calculator.WebApi\Calculator.WebApi.csproj", "{06D80C3C-3FA7-4763-9944-599407B15251}"
EndProject
Project("{2150E333-8FDC-42A3-9474-1A3956D46DE8}") = "Tests", "Tests", "{057DFA1F-E293-4073-9DB2-83A7E0DE0BAB}"
EndProject
Project("{FAE04EC0-301F-11D3-BF4B-00C04F79EFBC}") = "Calculator.WebApi.Tests", "Apps\Calculator\Server\Tests\Calculator.WebApi.Tests\Calculator.WebApi.Tests.csproj", "{38A3E8D9-87D8-4C85-A0A6-2E03C06F6F4D}"
EndProject
Project("{2150E333-8FDC-42A3-9474-1A3956D46DE8}") = "Client", "Client", "{C9005BF1-0497-4A99-9B72-F7ACD325C22D}"
EndProject
Global
	GlobalSection(SolutionConfigurationPlatforms) = preSolution
		Debug|Any CPU = Debug|Any CPU
		Mimas_Debug|Any CPU = Mimas_Debug|Any CPU
		Release|Any CPU = Release|Any CPU
	EndGlobalSection
	GlobalSection(ProjectConfigurationPlatforms) = postSolution
		{6DE3E33E-0B13-4C57-8871-C83E1EEB8470}.Debug|Any CPU.ActiveCfg = Debug|Any CPU
		{6DE3E33E-0B13-4C57-8871-C83E1EEB8470}.Debug|Any CPU.Build.0 = Debug|Any CPU
		{6DE3E33E-0B13-4C57-8871-C83E1EEB8470}.Mimas_Debug|Any CPU.ActiveCfg = Mimas_Debug|Any CPU
		{6DE3E33E-0B13-4C57-8871-C83E1EEB8470}.Mimas_Debug|Any CPU.Build.0 = Mimas_Debug|Any CPU
		{6DE3E33E-0B13-4C57-8871-C83E1EEB8470}.Release|Any CPU.ActiveCfg = Release|Any CPU
		{6DE3E33E-0B13-4C57-8871-C83E1EEB8470}.Release|Any CPU.Build.0 = Release|Any CPU
		{BA702041-080D-459A-BCD1-37875D92C626}.Debug|Any CPU.ActiveCfg = Debug|Any CPU
		{BA702041-080D-459A-BCD1-37875D92C626}.Debug|Any CPU.Build.0 = Debug|Any CPU
		{BA702041-080D-459A-BCD1-37875D92C626}.Mimas_Debug|Any CPU.ActiveCfg = Mimas_Debug|Any CPU
		{BA702041-080D-459A-BCD1-37875D92C626}.Mimas_Debug|Any CPU.Build.0 = Mimas_Debug|Any CPU
		{BA702041-080D-459A-BCD1-37875D92C626}.Release|Any CPU.ActiveCfg = Release|Any CPU
		{BA702041-080D-459A-BCD1-37875D92C626}.Release|Any CPU.Build.0 = Release|Any CPU
		{D92341E7-6B28-4CDC-A024-A204D0ED670E}.Debug|Any CPU.ActiveCfg = Debug|Any CPU
		{D92341E7-6B28-4CDC-A024-A204D0ED670E}.Debug|Any CPU.Build.0 = Debug|Any CPU
		{D92341E7-6B28-4CDC-A024-A204D0ED670E}.Mimas_Debug|Any CPU.ActiveCfg = Mimas_Debug|Any CPU
		{D92341E7-6B28-4CDC-A024-A204D0ED670E}.Mimas_Debug|Any CPU.Build.0 = Mimas_Debug|Any CPU
		{D92341E7-6B28-4CDC-A024-A204D0ED670E}.Release|Any CPU.ActiveCfg = Release|Any CPU
		{D92341E7-6B28-4CDC-A024-A204D0ED670E}.Release|Any CPU.Build.0 = Release|Any CPU
		{23AF9C5A-A707-44A5-9D2F-83705BA2B570}.Debug|Any CPU.ActiveCfg = Debug|Any CPU
		{23AF9C5A-A707-44A5-9D2F-83705BA2B570}.Debug|Any CPU.Build.0 = Debug|Any CPU
		{23AF9C5A-A707-44A5-9D2F-83705BA2B570}.Mimas_Debug|Any CPU.ActiveCfg = Mimas_Debug|Any CPU
		{23AF9C5A-A707-44A5-9D2F-83705BA2B570}.Mimas_Debug|Any CPU.Build.0 = Mimas_Debug|Any CPU
		{23AF9C5A-A707-44A5-9D2F-83705BA2B570}.Release|Any CPU.ActiveCfg = Release|Any CPU
		{23AF9C5A-A707-44A5-9D2F-83705BA2B570}.Release|Any CPU.Build.0 = Release|Any CPU
		{D839AC0D-B328-4D7B-B94C-B50C0E960428}.Debug|Any CPU.ActiveCfg = Debug|Any CPU
		{D839AC0D-B328-4D7B-B94C-B50C0E960428}.Debug|Any CPU.Build.0 = Debug|Any CPU
		{D839AC0D-B328-4D7B-B94C-B50C0E960428}.Mimas_Debug|Any CPU.ActiveCfg = Mimas_Debug|Any CPU
		{D839AC0D-B328-4D7B-B94C-B50C0E960428}.Mimas_Debug|Any CPU.Build.0 = Mimas_Debug|Any CPU
		{D839AC0D-B328-4D7B-B94C-B50C0E960428}.Release|Any CPU.ActiveCfg = Release|Any CPU
		{D839AC0D-B328-4D7B-B94C-B50C0E960428}.Release|Any CPU.Build.0 = Release|Any CPU
		{1B65300E-AE20-4CEB-AC57-0A0AE7ECBC87}.Debug|Any CPU.ActiveCfg = Debug|Any CPU
		{1B65300E-AE20-4CEB-AC57-0A0AE7ECBC87}.Debug|Any CPU.Build.0 = Debug|Any CPU
		{1B65300E-AE20-4CEB-AC57-0A0AE7ECBC87}.Mimas_Debug|Any CPU.ActiveCfg = Mimas_Debug|Any CPU
		{1B65300E-AE20-4CEB-AC57-0A0AE7ECBC87}.Mimas_Debug|Any CPU.Build.0 = Mimas_Debug|Any CPU
		{1B65300E-AE20-4CEB-AC57-0A0AE7ECBC87}.Release|Any CPU.ActiveCfg = Release|Any CPU
		{1B65300E-AE20-4CEB-AC57-0A0AE7ECBC87}.Release|Any CPU.Build.0 = Release|Any CPU
		{DB140F85-8B5B-41DB-9965-FFE98BBD81C1}.Debug|Any CPU.ActiveCfg = Debug|Any CPU
		{DB140F85-8B5B-41DB-9965-FFE98BBD81C1}.Debug|Any CPU.Build.0 = Debug|Any CPU
		{DB140F85-8B5B-41DB-9965-FFE98BBD81C1}.Mimas_Debug|Any CPU.ActiveCfg = Mimas_Debug|Any CPU
		{DB140F85-8B5B-41DB-9965-FFE98BBD81C1}.Release|Any CPU.ActiveCfg = Release|Any CPU
		{DB140F85-8B5B-41DB-9965-FFE98BBD81C1}.Release|Any CPU.Build.0 = Release|Any CPU
		{901D7969-58F0-4C06-A7AF-15A6F41CFA1B}.Debug|Any CPU.ActiveCfg = Debug|Any CPU
		{901D7969-58F0-4C06-A7AF-15A6F41CFA1B}.Debug|Any CPU.Build.0 = Debug|Any CPU
		{901D7969-58F0-4C06-A7AF-15A6F41CFA1B}.Mimas_Debug|Any CPU.ActiveCfg = Mimas_Debug|Any CPU
		{901D7969-58F0-4C06-A7AF-15A6F41CFA1B}.Release|Any CPU.ActiveCfg = Release|Any CPU
		{901D7969-58F0-4C06-A7AF-15A6F41CFA1B}.Release|Any CPU.Build.0 = Release|Any CPU
		{FA1388F1-10C7-45AC-818E-D839D9E18698}.Debug|Any CPU.ActiveCfg = Debug|Any CPU
		{FA1388F1-10C7-45AC-818E-D839D9E18698}.Debug|Any CPU.Build.0 = Debug|Any CPU
		{FA1388F1-10C7-45AC-818E-D839D9E18698}.Mimas_Debug|Any CPU.ActiveCfg = Mimas_Debug|Any CPU
		{FA1388F1-10C7-45AC-818E-D839D9E18698}.Release|Any CPU.ActiveCfg = Release|Any CPU
		{FA1388F1-10C7-45AC-818E-D839D9E18698}.Release|Any CPU.Build.0 = Release|Any CPU
		{E78561F2-234A-43BA-86B8-4F715C47BCD6}.Debug|Any CPU.ActiveCfg = Debug|Any CPU
		{E78561F2-234A-43BA-86B8-4F715C47BCD6}.Debug|Any CPU.Build.0 = Debug|Any CPU
		{E78561F2-234A-43BA-86B8-4F715C47BCD6}.Mimas_Debug|Any CPU.ActiveCfg = Mimas_Debug|Any CPU
		{E78561F2-234A-43BA-86B8-4F715C47BCD6}.Mimas_Debug|Any CPU.Build.0 = Mimas_Debug|Any CPU
		{E78561F2-234A-43BA-86B8-4F715C47BCD6}.Release|Any CPU.ActiveCfg = Release|Any CPU
		{E78561F2-234A-43BA-86B8-4F715C47BCD6}.Release|Any CPU.Build.0 = Release|Any CPU
		{458D4A40-F0F8-409E-A9B0-6C6A5F5394B4}.Debug|Any CPU.ActiveCfg = Debug|Any CPU
		{458D4A40-F0F8-409E-A9B0-6C6A5F5394B4}.Debug|Any CPU.Build.0 = Debug|Any CPU
		{458D4A40-F0F8-409E-A9B0-6C6A5F5394B4}.Mimas_Debug|Any CPU.ActiveCfg = Mimas_Debug|Any CPU
		{458D4A40-F0F8-409E-A9B0-6C6A5F5394B4}.Mimas_Debug|Any CPU.Build.0 = Mimas_Debug|Any CPU
		{458D4A40-F0F8-409E-A9B0-6C6A5F5394B4}.Release|Any CPU.ActiveCfg = Release|Any CPU
		{458D4A40-F0F8-409E-A9B0-6C6A5F5394B4}.Release|Any CPU.Build.0 = Release|Any CPU
		{E3E17CF0-2AB6-44C3-8F7D-9EDB5FD9F05E}.Debug|Any CPU.ActiveCfg = Debug|Any CPU
		{E3E17CF0-2AB6-44C3-8F7D-9EDB5FD9F05E}.Debug|Any CPU.Build.0 = Debug|Any CPU
		{E3E17CF0-2AB6-44C3-8F7D-9EDB5FD9F05E}.Mimas_Debug|Any CPU.ActiveCfg = Mimas_Debug|Any CPU
		{E3E17CF0-2AB6-44C3-8F7D-9EDB5FD9F05E}.Mimas_Debug|Any CPU.Build.0 = Mimas_Debug|Any CPU
		{E3E17CF0-2AB6-44C3-8F7D-9EDB5FD9F05E}.Release|Any CPU.ActiveCfg = Release|Any CPU
		{E3E17CF0-2AB6-44C3-8F7D-9EDB5FD9F05E}.Release|Any CPU.Build.0 = Release|Any CPU
		{71B3565D-1351-4978-9877-724E05103A08}.Debug|Any CPU.ActiveCfg = Debug|Any CPU
		{71B3565D-1351-4978-9877-724E05103A08}.Debug|Any CPU.Build.0 = Debug|Any CPU
		{71B3565D-1351-4978-9877-724E05103A08}.Mimas_Debug|Any CPU.ActiveCfg = Mimas_Debug|Any CPU
		{71B3565D-1351-4978-9877-724E05103A08}.Mimas_Debug|Any CPU.Build.0 = Mimas_Debug|Any CPU
		{71B3565D-1351-4978-9877-724E05103A08}.Release|Any CPU.ActiveCfg = Release|Any CPU
		{71B3565D-1351-4978-9877-724E05103A08}.Release|Any CPU.Build.0 = Release|Any CPU
		{D020D341-2EDB-4596-90F2-D392467DC436}.Debug|Any CPU.ActiveCfg = Debug|Any CPU
		{D020D341-2EDB-4596-90F2-D392467DC436}.Debug|Any CPU.Build.0 = Debug|Any CPU
		{D020D341-2EDB-4596-90F2-D392467DC436}.Mimas_Debug|Any CPU.ActiveCfg = Mimas_Debug|Any CPU
		{D020D341-2EDB-4596-90F2-D392467DC436}.Release|Any CPU.ActiveCfg = Release|Any CPU
		{D020D341-2EDB-4596-90F2-D392467DC436}.Release|Any CPU.Build.0 = Release|Any CPU
		{CC574C46-499F-4EE4-9721-0BDC6DF8278A}.Debug|Any CPU.ActiveCfg = Debug|Any CPU
		{CC574C46-499F-4EE4-9721-0BDC6DF8278A}.Debug|Any CPU.Build.0 = Debug|Any CPU
		{CC574C46-499F-4EE4-9721-0BDC6DF8278A}.Mimas_Debug|Any CPU.ActiveCfg = Mimas_Debug|Any CPU
		{CC574C46-499F-4EE4-9721-0BDC6DF8278A}.Mimas_Debug|Any CPU.Build.0 = Mimas_Debug|Any CPU
		{CC574C46-499F-4EE4-9721-0BDC6DF8278A}.Release|Any CPU.ActiveCfg = Release|Any CPU
		{CC574C46-499F-4EE4-9721-0BDC6DF8278A}.Release|Any CPU.Build.0 = Release|Any CPU
		{7BAB262A-0F0A-4CFD-A642-4E643E619CB3}.Debug|Any CPU.ActiveCfg = Debug|Any CPU
		{7BAB262A-0F0A-4CFD-A642-4E643E619CB3}.Debug|Any CPU.Build.0 = Debug|Any CPU
		{7BAB262A-0F0A-4CFD-A642-4E643E619CB3}.Mimas_Debug|Any CPU.ActiveCfg = Mimas_Debug|Any CPU
		{7BAB262A-0F0A-4CFD-A642-4E643E619CB3}.Mimas_Debug|Any CPU.Build.0 = Mimas_Debug|Any CPU
		{7BAB262A-0F0A-4CFD-A642-4E643E619CB3}.Release|Any CPU.ActiveCfg = Release|Any CPU
		{7BAB262A-0F0A-4CFD-A642-4E643E619CB3}.Release|Any CPU.Build.0 = Release|Any CPU
		{AC816B2D-3B7D-49CC-8D71-2A19938087AF}.Debug|Any CPU.ActiveCfg = Debug|Any CPU
		{AC816B2D-3B7D-49CC-8D71-2A19938087AF}.Debug|Any CPU.Build.0 = Debug|Any CPU
		{AC816B2D-3B7D-49CC-8D71-2A19938087AF}.Mimas_Debug|Any CPU.ActiveCfg = Mimas_Debug|Any CPU
		{AC816B2D-3B7D-49CC-8D71-2A19938087AF}.Mimas_Debug|Any CPU.Build.0 = Mimas_Debug|Any CPU
		{AC816B2D-3B7D-49CC-8D71-2A19938087AF}.Release|Any CPU.ActiveCfg = Release|Any CPU
		{AC816B2D-3B7D-49CC-8D71-2A19938087AF}.Release|Any CPU.Build.0 = Release|Any CPU
		{35969F7A-C0D0-486D-94CB-97A1F1C6B175}.Debug|Any CPU.ActiveCfg = Debug|Any CPU
		{35969F7A-C0D0-486D-94CB-97A1F1C6B175}.Debug|Any CPU.Build.0 = Debug|Any CPU
		{35969F7A-C0D0-486D-94CB-97A1F1C6B175}.Mimas_Debug|Any CPU.ActiveCfg = Mimas_Debug|Any CPU
		{35969F7A-C0D0-486D-94CB-97A1F1C6B175}.Mimas_Debug|Any CPU.Build.0 = Mimas_Debug|Any CPU
		{35969F7A-C0D0-486D-94CB-97A1F1C6B175}.Release|Any CPU.ActiveCfg = Release|Any CPU
		{35969F7A-C0D0-486D-94CB-97A1F1C6B175}.Release|Any CPU.Build.0 = Release|Any CPU
		{4985A29B-7495-470D-B66A-052A5CDC230D}.Debug|Any CPU.ActiveCfg = Debug|Any CPU
		{4985A29B-7495-470D-B66A-052A5CDC230D}.Mimas_Debug|Any CPU.ActiveCfg = Mimas_Debug|Any CPU
		{4985A29B-7495-470D-B66A-052A5CDC230D}.Release|Any CPU.ActiveCfg = Release|Any CPU
		{5B21A78B-9BAA-4AC2-929D-3563B9D3C9FC}.Debug|Any CPU.ActiveCfg = Debug|Any CPU
		{5B21A78B-9BAA-4AC2-929D-3563B9D3C9FC}.Debug|Any CPU.Build.0 = Debug|Any CPU
		{5B21A78B-9BAA-4AC2-929D-3563B9D3C9FC}.Mimas_Debug|Any CPU.ActiveCfg = Mimas_Debug|Any CPU
		{5B21A78B-9BAA-4AC2-929D-3563B9D3C9FC}.Mimas_Debug|Any CPU.Build.0 = Mimas_Debug|Any CPU
		{5B21A78B-9BAA-4AC2-929D-3563B9D3C9FC}.Release|Any CPU.ActiveCfg = Release|Any CPU
		{5B21A78B-9BAA-4AC2-929D-3563B9D3C9FC}.Release|Any CPU.Build.0 = Release|Any CPU
		{ACC0224C-2469-451B-AA44-41530E9FF36F}.Debug|Any CPU.ActiveCfg = Debug|Any CPU
		{ACC0224C-2469-451B-AA44-41530E9FF36F}.Debug|Any CPU.Build.0 = Debug|Any CPU
		{ACC0224C-2469-451B-AA44-41530E9FF36F}.Mimas_Debug|Any CPU.ActiveCfg = Mimas_Debug|Any CPU
		{ACC0224C-2469-451B-AA44-41530E9FF36F}.Mimas_Debug|Any CPU.Build.0 = Mimas_Debug|Any CPU
		{ACC0224C-2469-451B-AA44-41530E9FF36F}.Release|Any CPU.ActiveCfg = Release|Any CPU
		{ACC0224C-2469-451B-AA44-41530E9FF36F}.Release|Any CPU.Build.0 = Release|Any CPU
		{DE9AEC7C-9EE3-4DF0-8615-F2523B65911E}.Debug|Any CPU.ActiveCfg = Debug|Any CPU
		{DE9AEC7C-9EE3-4DF0-8615-F2523B65911E}.Debug|Any CPU.Build.0 = Debug|Any CPU
		{DE9AEC7C-9EE3-4DF0-8615-F2523B65911E}.Mimas_Debug|Any CPU.ActiveCfg = Mimas_Debug|Any CPU
		{DE9AEC7C-9EE3-4DF0-8615-F2523B65911E}.Mimas_Debug|Any CPU.Build.0 = Mimas_Debug|Any CPU
		{DE9AEC7C-9EE3-4DF0-8615-F2523B65911E}.Release|Any CPU.ActiveCfg = Release|Any CPU
		{DE9AEC7C-9EE3-4DF0-8615-F2523B65911E}.Release|Any CPU.Build.0 = Release|Any CPU
		{884F1617-E75C-400B-8D49-DE9AA19369C5}.Debug|Any CPU.ActiveCfg = Debug|Any CPU
		{884F1617-E75C-400B-8D49-DE9AA19369C5}.Debug|Any CPU.Build.0 = Debug|Any CPU
		{884F1617-E75C-400B-8D49-DE9AA19369C5}.Mimas_Debug|Any CPU.ActiveCfg = Debug|Any CPU
		{884F1617-E75C-400B-8D49-DE9AA19369C5}.Mimas_Debug|Any CPU.Build.0 = Debug|Any CPU
		{884F1617-E75C-400B-8D49-DE9AA19369C5}.Release|Any CPU.ActiveCfg = Release|Any CPU
		{884F1617-E75C-400B-8D49-DE9AA19369C5}.Release|Any CPU.Build.0 = Release|Any CPU
		{977E107D-3F01-47CC-B2A1-A11F93AD0578}.Debug|Any CPU.ActiveCfg = Debug|Any CPU
		{977E107D-3F01-47CC-B2A1-A11F93AD0578}.Debug|Any CPU.Build.0 = Debug|Any CPU
		{977E107D-3F01-47CC-B2A1-A11F93AD0578}.Mimas_Debug|Any CPU.ActiveCfg = Mimas_Debug|Any CPU
		{977E107D-3F01-47CC-B2A1-A11F93AD0578}.Mimas_Debug|Any CPU.Build.0 = Mimas_Debug|Any CPU
		{977E107D-3F01-47CC-B2A1-A11F93AD0578}.Release|Any CPU.ActiveCfg = Release|Any CPU
		{977E107D-3F01-47CC-B2A1-A11F93AD0578}.Release|Any CPU.Build.0 = Release|Any CPU
		{4146E2DA-347E-4D6A-AB21-7BF1F544AEAE}.Debug|Any CPU.ActiveCfg = Debug|Any CPU
		{4146E2DA-347E-4D6A-AB21-7BF1F544AEAE}.Debug|Any CPU.Build.0 = Debug|Any CPU
		{4146E2DA-347E-4D6A-AB21-7BF1F544AEAE}.Mimas_Debug|Any CPU.ActiveCfg = Mimas_Debug|Any CPU
		{4146E2DA-347E-4D6A-AB21-7BF1F544AEAE}.Mimas_Debug|Any CPU.Build.0 = Mimas_Debug|Any CPU
		{4146E2DA-347E-4D6A-AB21-7BF1F544AEAE}.Release|Any CPU.ActiveCfg = Release|Any CPU
		{4146E2DA-347E-4D6A-AB21-7BF1F544AEAE}.Release|Any CPU.Build.0 = Release|Any CPU
		{28F83079-F50A-403E-BDBC-642E649B9313}.Debug|Any CPU.ActiveCfg = Debug|Any CPU
		{28F83079-F50A-403E-BDBC-642E649B9313}.Debug|Any CPU.Build.0 = Debug|Any CPU
		{28F83079-F50A-403E-BDBC-642E649B9313}.Mimas_Debug|Any CPU.ActiveCfg = Mimas_Debug|Any CPU
		{28F83079-F50A-403E-BDBC-642E649B9313}.Mimas_Debug|Any CPU.Build.0 = Mimas_Debug|Any CPU
		{28F83079-F50A-403E-BDBC-642E649B9313}.Release|Any CPU.ActiveCfg = Release|Any CPU
		{28F83079-F50A-403E-BDBC-642E649B9313}.Release|Any CPU.Build.0 = Release|Any CPU
		{655D430D-38BA-48AA-A40F-F417AA66E5DA}.Debug|Any CPU.ActiveCfg = Debug|Any CPU
		{655D430D-38BA-48AA-A40F-F417AA66E5DA}.Debug|Any CPU.Build.0 = Debug|Any CPU
		{655D430D-38BA-48AA-A40F-F417AA66E5DA}.Mimas_Debug|Any CPU.ActiveCfg = Mimas_Debug|Any CPU
		{655D430D-38BA-48AA-A40F-F417AA66E5DA}.Mimas_Debug|Any CPU.Build.0 = Mimas_Debug|Any CPU
		{655D430D-38BA-48AA-A40F-F417AA66E5DA}.Release|Any CPU.ActiveCfg = Release|Any CPU
		{655D430D-38BA-48AA-A40F-F417AA66E5DA}.Release|Any CPU.Build.0 = Release|Any CPU
		{5F68CD47-2B4A-45E1-AD92-6C548FAD84C5}.Debug|Any CPU.ActiveCfg = Debug|Any CPU
		{5F68CD47-2B4A-45E1-AD92-6C548FAD84C5}.Debug|Any CPU.Build.0 = Debug|Any CPU
		{5F68CD47-2B4A-45E1-AD92-6C548FAD84C5}.Mimas_Debug|Any CPU.ActiveCfg = Debug|Any CPU
		{5F68CD47-2B4A-45E1-AD92-6C548FAD84C5}.Mimas_Debug|Any CPU.Build.0 = Debug|Any CPU
		{5F68CD47-2B4A-45E1-AD92-6C548FAD84C5}.Release|Any CPU.ActiveCfg = Release|Any CPU
		{5F68CD47-2B4A-45E1-AD92-6C548FAD84C5}.Release|Any CPU.Build.0 = Release|Any CPU
		{D8803E7D-BB0C-4BED-9127-1DB4FCA217AF}.Debug|Any CPU.ActiveCfg = Debug|Any CPU
		{D8803E7D-BB0C-4BED-9127-1DB4FCA217AF}.Debug|Any CPU.Build.0 = Debug|Any CPU
		{D8803E7D-BB0C-4BED-9127-1DB4FCA217AF}.Mimas_Debug|Any CPU.ActiveCfg = Debug|Any CPU
		{D8803E7D-BB0C-4BED-9127-1DB4FCA217AF}.Mimas_Debug|Any CPU.Build.0 = Debug|Any CPU
		{D8803E7D-BB0C-4BED-9127-1DB4FCA217AF}.Release|Any CPU.ActiveCfg = Release|Any CPU
		{D8803E7D-BB0C-4BED-9127-1DB4FCA217AF}.Release|Any CPU.Build.0 = Release|Any CPU
		{06D80C3C-3FA7-4763-9944-599407B15251}.Debug|Any CPU.ActiveCfg = Debug|Any CPU
		{06D80C3C-3FA7-4763-9944-599407B15251}.Debug|Any CPU.Build.0 = Debug|Any CPU
		{06D80C3C-3FA7-4763-9944-599407B15251}.Mimas_Debug|Any CPU.ActiveCfg = Debug|Any CPU
		{06D80C3C-3FA7-4763-9944-599407B15251}.Mimas_Debug|Any CPU.Build.0 = Debug|Any CPU
		{06D80C3C-3FA7-4763-9944-599407B15251}.Release|Any CPU.ActiveCfg = Release|Any CPU
		{06D80C3C-3FA7-4763-9944-599407B15251}.Release|Any CPU.Build.0 = Release|Any CPU
		{38A3E8D9-87D8-4C85-A0A6-2E03C06F6F4D}.Debug|Any CPU.ActiveCfg = Debug|Any CPU
		{38A3E8D9-87D8-4C85-A0A6-2E03C06F6F4D}.Debug|Any CPU.Build.0 = Debug|Any CPU
		{38A3E8D9-87D8-4C85-A0A6-2E03C06F6F4D}.Mimas_Debug|Any CPU.ActiveCfg = Debug|Any CPU
		{38A3E8D9-87D8-4C85-A0A6-2E03C06F6F4D}.Mimas_Debug|Any CPU.Build.0 = Debug|Any CPU
		{38A3E8D9-87D8-4C85-A0A6-2E03C06F6F4D}.Release|Any CPU.ActiveCfg = Release|Any CPU
		{38A3E8D9-87D8-4C85-A0A6-2E03C06F6F4D}.Release|Any CPU.Build.0 = Release|Any CPU
	EndGlobalSection
	GlobalSection(SolutionProperties) = preSolution
		HideSolutionNode = FALSE
	EndGlobalSection
	GlobalSection(NestedProjects) = preSolution
		{315598AF-EBD5-4B56-AF00-196C57D4EC66} = {4F874EF3-BC87-4FDA-B038-0E27A2BBF699}
		{38F23520-AEA2-4B37-8B5E-0CAFF2139BB8} = {AB0201BC-9C43-4B4E-AE62-85D25708F51D}
		{FAE9CBBF-F439-4269-9108-A2192E9B78BD} = {AB0201BC-9C43-4B4E-AE62-85D25708F51D}
		{E92E49B4-E748-4D9E-B1BE-B66B24083C50} = {FAE9CBBF-F439-4269-9108-A2192E9B78BD}
		{7D7BA99F-A64C-4EFF-91C5-1E7C5D0D048D} = {AB0201BC-9C43-4B4E-AE62-85D25708F51D}
		{974A9F56-93A6-462D-B58E-706EA36DABC4} = {7D7BA99F-A64C-4EFF-91C5-1E7C5D0D048D}
		{6DE3E33E-0B13-4C57-8871-C83E1EEB8470} = {8D4E8F9C-D9A7-4B9E-B2F7-FE70F1D23F83}
		{BA702041-080D-459A-BCD1-37875D92C626} = {EFCD99E7-1F91-47A1-89A2-FCD68E8A82A4}
		{D92341E7-6B28-4CDC-A024-A204D0ED670E} = {EFCD99E7-1F91-47A1-89A2-FCD68E8A82A4}
		{23AF9C5A-A707-44A5-9D2F-83705BA2B570} = {38F23520-AEA2-4B37-8B5E-0CAFF2139BB8}
		{D839AC0D-B328-4D7B-B94C-B50C0E960428} = {8D4E8F9C-D9A7-4B9E-B2F7-FE70F1D23F83}
		{0EA96BDE-6C1B-4148-AB43-C1A183FF4EE9} = {AB0201BC-9C43-4B4E-AE62-85D25708F51D}
		{1B65300E-AE20-4CEB-AC57-0A0AE7ECBC87} = {0EA96BDE-6C1B-4148-AB43-C1A183FF4EE9}
		{DB140F85-8B5B-41DB-9965-FFE98BBD81C1} = {E92E49B4-E748-4D9E-B1BE-B66B24083C50}
		{901D7969-58F0-4C06-A7AF-15A6F41CFA1B} = {E92E49B4-E748-4D9E-B1BE-B66B24083C50}
		{FA1388F1-10C7-45AC-818E-D839D9E18698} = {FAE9CBBF-F439-4269-9108-A2192E9B78BD}
		{CE01AC3C-8BFA-4892-851E-F9D327A7E3BB} = {AB0201BC-9C43-4B4E-AE62-85D25708F51D}
		{B8E253D8-2879-4FDB-A78D-313C62274A63} = {CE01AC3C-8BFA-4892-851E-F9D327A7E3BB}
		{E78561F2-234A-43BA-86B8-4F715C47BCD6} = {B8E253D8-2879-4FDB-A78D-313C62274A63}
		{458D4A40-F0F8-409E-A9B0-6C6A5F5394B4} = {B8E253D8-2879-4FDB-A78D-313C62274A63}
		{E3E17CF0-2AB6-44C3-8F7D-9EDB5FD9F05E} = {B8E253D8-2879-4FDB-A78D-313C62274A63}
		{71B3565D-1351-4978-9877-724E05103A08} = {8D4E8F9C-D9A7-4B9E-B2F7-FE70F1D23F83}
		{D020D341-2EDB-4596-90F2-D392467DC436} = {5259C86B-6B20-4DC1-9FC7-3C4D755FE64E}
		{5259C86B-6B20-4DC1-9FC7-3C4D755FE64E} = {FAE9CBBF-F439-4269-9108-A2192E9B78BD}
		{57864055-6257-4B27-B198-090EB49E6BC6} = {4E26C893-5690-4CF0-81FF-2BA994FE43E9}
		{CC574C46-499F-4EE4-9721-0BDC6DF8278A} = {57864055-6257-4B27-B198-090EB49E6BC6}
		{DE7DCB83-A6C3-4707-AEE7-B436FBB7149E} = {4E26C893-5690-4CF0-81FF-2BA994FE43E9}
		{7BAB262A-0F0A-4CFD-A642-4E643E619CB3} = {DE7DCB83-A6C3-4707-AEE7-B436FBB7149E}
		{AC816B2D-3B7D-49CC-8D71-2A19938087AF} = {DE7DCB83-A6C3-4707-AEE7-B436FBB7149E}
		{35969F7A-C0D0-486D-94CB-97A1F1C6B175} = {4E26C893-5690-4CF0-81FF-2BA994FE43E9}
		{4985A29B-7495-470D-B66A-052A5CDC230D} = {4E26C893-5690-4CF0-81FF-2BA994FE43E9}
		{5B21A78B-9BAA-4AC2-929D-3563B9D3C9FC} = {EFCD99E7-1F91-47A1-89A2-FCD68E8A82A4}
		{68619837-3DB9-4D0D-A6B6-1661500037BB} = {7D7BA99F-A64C-4EFF-91C5-1E7C5D0D048D}
		{ACC0224C-2469-451B-AA44-41530E9FF36F} = {DE7DCB83-A6C3-4707-AEE7-B436FBB7149E}
		{4AE1B697-6B11-4102-9935-6AA295A4649A} = {AB0201BC-9C43-4B4E-AE62-85D25708F51D}
		{DE9AEC7C-9EE3-4DF0-8615-F2523B65911E} = {4AE1B697-6B11-4102-9935-6AA295A4649A}
		{065C5081-AB35-48B4-812D-63E23D87C5DD} = {74844B90-72B0-493A-9A2A-0CE4B08EE1CF}
		{884F1617-E75C-400B-8D49-DE9AA19369C5} = {065C5081-AB35-48B4-812D-63E23D87C5DD}
		{977E107D-3F01-47CC-B2A1-A11F93AD0578} = {974A9F56-93A6-462D-B58E-706EA36DABC4}
		{4146E2DA-347E-4D6A-AB21-7BF1F544AEAE} = {974A9F56-93A6-462D-B58E-706EA36DABC4}
		{28F83079-F50A-403E-BDBC-642E649B9313} = {7D7BA99F-A64C-4EFF-91C5-1E7C5D0D048D}
		{655D430D-38BA-48AA-A40F-F417AA66E5DA} = {7D7BA99F-A64C-4EFF-91C5-1E7C5D0D048D}
		{60A5D4A1-021E-4235-A8BF-F31F0F013A23} = {74844B90-72B0-493A-9A2A-0CE4B08EE1CF}
		{CE839F0B-CC12-4CA2-92CD-EEBC44A99D7A} = {60A5D4A1-021E-4235-A8BF-F31F0F013A23}
		{5F68CD47-2B4A-45E1-AD92-6C548FAD84C5} = {CE839F0B-CC12-4CA2-92CD-EEBC44A99D7A}
		{D8803E7D-BB0C-4BED-9127-1DB4FCA217AF} = {CE839F0B-CC12-4CA2-92CD-EEBC44A99D7A}
		{06D80C3C-3FA7-4763-9944-599407B15251} = {CE839F0B-CC12-4CA2-92CD-EEBC44A99D7A}
		{057DFA1F-E293-4073-9DB2-83A7E0DE0BAB} = {CE839F0B-CC12-4CA2-92CD-EEBC44A99D7A}
		{38A3E8D9-87D8-4C85-A0A6-2E03C06F6F4D} = {057DFA1F-E293-4073-9DB2-83A7E0DE0BAB}
		{C9005BF1-0497-4A99-9B72-F7ACD325C22D} = {60A5D4A1-021E-4235-A8BF-F31F0F013A23}
	EndGlobalSection
EndGlobal
